
Microsoft Visual Studio Solution File, Format Version 12.00
# Visual Studio Version 16
VisualStudioVersion = 16.0.34729.46
MinimumVisualStudioVersion = 10.0.40219.1
Project("{FAE04EC0-301F-11D3-BF4B-00C04F79EFBC}") = "frmEntregasPlanilha", "frmEntregasPlanilha\frmEntregasPlanilha.csproj", "{B507A5E4-8931-4234-B73A-6D306523976C}"
EndProject
Global
	GlobalSection(SolutionConfigurationPlatforms) = preSolution
		Debug|Any CPU = Debug|Any CPU
		Release|Any CPU = Release|Any CPU
	EndGlobalSection
	GlobalSection(ProjectConfigurationPlatforms) = postSolution
		{B507A5E4-8931-4234-B73A-6D306523976C}.Debug|Any CPU.ActiveCfg = Debug|Any CPU
		{B507A5E4-8931-4234-B73A-6D306523976C}.Debug|Any CPU.Build.0 = Debug|Any CPU
		{B507A5E4-8931-4234-B73A-6D306523976C}.Release|Any CPU.ActiveCfg = Release|Any CPU
		{B507A5E4-8931-4234-B73A-6D306523976C}.Release|Any CPU.Build.0 = Release|Any CPU
	EndGlobalSection
	GlobalSection(SolutionProperties) = preSolution
		HideSolutionNode = FALSE
	EndGlobalSection
	GlobalSection(ExtensibilityGlobals) = postSolution
		SolutionGuid = {B6F25832-94F9-40A4-B77B-70DE57E01940}
	EndGlobalSection
EndGlobal
